
Microsoft Visual Studio Solution File, Format Version 12.00
# Visual Studio Version 16
VisualStudioVersion = 16.0.29709.97
MinimumVisualStudioVersion = 10.0.40219.1
Project("{FAE04EC0-301F-11D3-BF4B-00C04F79EFBC}") = "ObserverPattern", "ObserverPattern.csproj", "{555E1631-BDBB-41ED-9562-FC30341253C3}"
EndProject
Global
	GlobalSection(SolutionConfigurationPlatforms) = preSolution
		Debug|Any CPU = Debug|Any CPU
		Release|Any CPU = Release|Any CPU
	EndGlobalSection
	GlobalSection(ProjectConfigurationPlatforms) = postSolution
		{555E1631-BDBB-41ED-9562-FC30341253C3}.Debug|Any CPU.ActiveCfg = Debug|Any CPU
		{555E1631-BDBB-41ED-9562-FC30341253C3}.Debug|Any CPU.Build.0 = Debug|Any CPU
		{555E1631-BDBB-41ED-9562-FC30341253C3}.Release|Any CPU.ActiveCfg = Release|Any CPU
		{555E1631-BDBB-41ED-9562-FC30341253C3}.Release|Any CPU.Build.0 = Release|Any CPU
	EndGlobalSection
	GlobalSection(SolutionProperties) = preSolution
		HideSolutionNode = FALSE
	EndGlobalSection
	GlobalSection(ExtensibilityGlobals) = postSolution
		SolutionGuid = {DEE1BD6A-798E-44EA-9D01-2A4884F6C0FD}
	EndGlobalSection
EndGlobal
